
Microsoft Visual Studio Solution File, Format Version 12.00
# Visual Studio Version 17
VisualStudioVersion = 17.4.33213.308
MinimumVisualStudioVersion = 10.0.40219.1
Project("{2150E333-8FDC-42A3-9474-1A3956D46DE8}") = "src", "src", "{4D547916-3C96-4F3F-AAE3-6331BCF944F5}"
EndProject
Project("{2150E333-8FDC-42A3-9474-1A3956D46DE8}") = "test", "test", "{9E174767-87A2-4111-9FC6-37CC44B49A98}"
EndProject
Project("{2150E333-8FDC-42A3-9474-1A3956D46DE8}") = "API", "API", "{B8906960-BA54-4DDD-B332-2D0EBE9B0E15}"
EndProject
Project("{2150E333-8FDC-42A3-9474-1A3956D46DE8}") = "Core", "Core", "{05A4A1AA-8EBB-47DE-8730-04E9B66488EB}"
EndProject
Project("{2150E333-8FDC-42A3-9474-1A3956D46DE8}") = "Infrastucture", "Infrastucture", "{82B797E2-9070-4B49-A6FC-FB5339EF1D70}"
EndProject
Project("{2150E333-8FDC-42A3-9474-1A3956D46DE8}") = "UI", "UI", "{300C5AE6-629B-4195-B537-BE0F0D7DF304}"
EndProject
Project("{9A19103F-16F7-4668-BE54-9A1E7A4F7556}") = "Mpagopay.Domain", "Mpagopay.Domain\Mpagopay.Domain.csproj", "{7173F03D-93C6-446F-8125-C6B075085DDE}"
EndProject
Project("{9A19103F-16F7-4668-BE54-9A1E7A4F7556}") = "Mpagopay.Application", "Mpagopay.Application\Mpagopay.Application.csproj", "{68627BFE-49D8-49AB-A26D-130673FCCB89}"
EndProject
Project("{9A19103F-16F7-4668-BE54-9A1E7A4F7556}") = "Mpagopay.Persistence", "Mpagopay.Persistence\Mpagopay.Persistence.csproj", "{1646A7D2-102E-4935-BA48-FEF0FD4A2FD6}"
EndProject
Project("{9A19103F-16F7-4668-BE54-9A1E7A4F7556}") = "Mpagopay.Infrastructure", "Mpagopay.Infrastructure\Mpagopay.Infrastructure.csproj", "{7A8CDAC9-DD5B-497D-A0A5-6044B2FC9A97}"
EndProject
Project("{9A19103F-16F7-4668-BE54-9A1E7A4F7556}") = "Mpagopay.Api", "Mpagopay.Api\Mpagopay.Api.csproj", "{74DD630D-3F5C-4957-BCA6-30326BB55C76}"
EndProject
Project("{9A19103F-16F7-4668-BE54-9A1E7A4F7556}") = "Mpagopay.Application.UnitTests", "Mpagopay.Application.UnitTests\Mpagopay.Application.UnitTests.csproj", "{DFF4B2D2-369D-417D-A054-70F4796A9663}"
EndProject
Project("{9A19103F-16F7-4668-BE54-9A1E7A4F7556}") = "Mpagopay.Persistence.IntegrationTests", "Mpagopay.Persistence.IntegrationTests\Mpagopay.Persistence.IntegrationTests.csproj", "{36CB2775-BE39-4146-966B-203E9EFDDFE0}"
EndProject
Project("{9A19103F-16F7-4668-BE54-9A1E7A4F7556}") = "Mpagopay.Api.IntegrationTests", "Mpagopay.Api.IntegrationTests\Mpagopay.Api.IntegrationTests.csproj", "{2918CA9E-D178-4D5D-AF0D-A6D445873E35}"
EndProject
Project("{9A19103F-16F7-4668-BE54-9A1E7A4F7556}") = "Mpagopay.Identity", "Mpagopay.Identity\Mpagopay.Identity.csproj", "{2E34BC44-3082-4B7F-B9BC-86211D5D89F4}"
EndProject
Project("{9A19103F-16F7-4668-BE54-9A1E7A4F7556}") = "Mpagopay.EFMigration", "Mpagopay.EFMigration\Mpagopay.EFMigration.csproj", "{DC7A314A-1827-4AD7-ABCE-52E09F80C8FA}"
EndProject
Project("{FAE04EC0-301F-11D3-BF4B-00C04F79EFBC}") = "Mpagopay.Business", "Mpagopay.Business\Mpagopay.Business.csproj", "{2734818D-C33A-4428-A240-A6FFBB5E4D95}"
EndProject
Global
	GlobalSection(SolutionConfigurationPlatforms) = preSolution
		Debug|Any CPU = Debug|Any CPU
		Release|Any CPU = Release|Any CPU
	EndGlobalSection
	GlobalSection(ProjectConfigurationPlatforms) = postSolution
		{7173F03D-93C6-446F-8125-C6B075085DDE}.Debug|Any CPU.ActiveCfg = Debug|Any CPU
		{7173F03D-93C6-446F-8125-C6B075085DDE}.Debug|Any CPU.Build.0 = Debug|Any CPU
		{7173F03D-93C6-446F-8125-C6B075085DDE}.Release|Any CPU.ActiveCfg = Release|Any CPU
		{7173F03D-93C6-446F-8125-C6B075085DDE}.Release|Any CPU.Build.0 = Release|Any CPU
		{68627BFE-49D8-49AB-A26D-130673FCCB89}.Debug|Any CPU.ActiveCfg = Debug|Any CPU
		{68627BFE-49D8-49AB-A26D-130673FCCB89}.Debug|Any CPU.Build.0 = Debug|Any CPU
		{68627BFE-49D8-49AB-A26D-130673FCCB89}.Release|Any CPU.ActiveCfg = Release|Any CPU
		{68627BFE-49D8-49AB-A26D-130673FCCB89}.Release|Any CPU.Build.0 = Release|Any CPU
		{1646A7D2-102E-4935-BA48-FEF0FD4A2FD6}.Debug|Any CPU.ActiveCfg = Debug|Any CPU
		{1646A7D2-102E-4935-BA48-FEF0FD4A2FD6}.Debug|Any CPU.Build.0 = Debug|Any CPU
		{1646A7D2-102E-4935-BA48-FEF0FD4A2FD6}.Release|Any CPU.ActiveCfg = Release|Any CPU
		{1646A7D2-102E-4935-BA48-FEF0FD4A2FD6}.Release|Any CPU.Build.0 = Release|Any CPU
		{7A8CDAC9-DD5B-497D-A0A5-6044B2FC9A97}.Debug|Any CPU.ActiveCfg = Debug|Any CPU
		{7A8CDAC9-DD5B-497D-A0A5-6044B2FC9A97}.Debug|Any CPU.Build.0 = Debug|Any CPU
		{7A8CDAC9-DD5B-497D-A0A5-6044B2FC9A97}.Release|Any CPU.ActiveCfg = Release|Any CPU
		{7A8CDAC9-DD5B-497D-A0A5-6044B2FC9A97}.Release|Any CPU.Build.0 = Release|Any CPU
		{74DD630D-3F5C-4957-BCA6-30326BB55C76}.Debug|Any CPU.ActiveCfg = Debug|Any CPU
		{74DD630D-3F5C-4957-BCA6-30326BB55C76}.Debug|Any CPU.Build.0 = Debug|Any CPU
		{74DD630D-3F5C-4957-BCA6-30326BB55C76}.Release|Any CPU.ActiveCfg = Release|Any CPU
		{74DD630D-3F5C-4957-BCA6-30326BB55C76}.Release|Any CPU.Build.0 = Release|Any CPU
		{DFF4B2D2-369D-417D-A054-70F4796A9663}.Debug|Any CPU.ActiveCfg = Debug|Any CPU
		{DFF4B2D2-369D-417D-A054-70F4796A9663}.Debug|Any CPU.Build.0 = Debug|Any CPU
		{DFF4B2D2-369D-417D-A054-70F4796A9663}.Release|Any CPU.ActiveCfg = Release|Any CPU
		{DFF4B2D2-369D-417D-A054-70F4796A9663}.Release|Any CPU.Build.0 = Release|Any CPU
		{36CB2775-BE39-4146-966B-203E9EFDDFE0}.Debug|Any CPU.ActiveCfg = Debug|Any CPU
		{36CB2775-BE39-4146-966B-203E9EFDDFE0}.Debug|Any CPU.Build.0 = Debug|Any CPU
		{36CB2775-BE39-4146-966B-203E9EFDDFE0}.Release|Any CPU.ActiveCfg = Release|Any CPU
		{36CB2775-BE39-4146-966B-203E9EFDDFE0}.Release|Any CPU.Build.0 = Release|Any CPU
		{2918CA9E-D178-4D5D-AF0D-A6D445873E35}.Debug|Any CPU.ActiveCfg = Debug|Any CPU
		{2918CA9E-D178-4D5D-AF0D-A6D445873E35}.Debug|Any CPU.Build.0 = Debug|Any CPU
		{2918CA9E-D178-4D5D-AF0D-A6D445873E35}.Release|Any CPU.ActiveCfg = Release|Any CPU
		{2918CA9E-D178-4D5D-AF0D-A6D445873E35}.Release|Any CPU.Build.0 = Release|Any CPU
		{2E34BC44-3082-4B7F-B9BC-86211D5D89F4}.Debug|Any CPU.ActiveCfg = Debug|Any CPU
		{2E34BC44-3082-4B7F-B9BC-86211D5D89F4}.Debug|Any CPU.Build.0 = Debug|Any CPU
		{2E34BC44-3082-4B7F-B9BC-86211D5D89F4}.Release|Any CPU.ActiveCfg = Release|Any CPU
		{2E34BC44-3082-4B7F-B9BC-86211D5D89F4}.Release|Any CPU.Build.0 = Release|Any CPU
		{DC7A314A-1827-4AD7-ABCE-52E09F80C8FA}.Debug|Any CPU.ActiveCfg = Debug|Any CPU
		{DC7A314A-1827-4AD7-ABCE-52E09F80C8FA}.Debug|Any CPU.Build.0 = Debug|Any CPU
		{DC7A314A-1827-4AD7-ABCE-52E09F80C8FA}.Release|Any CPU.ActiveCfg = Release|Any CPU
		{DC7A314A-1827-4AD7-ABCE-52E09F80C8FA}.Release|Any CPU.Build.0 = Release|Any CPU
		{2734818D-C33A-4428-A240-A6FFBB5E4D95}.Debug|Any CPU.ActiveCfg = Debug|Any CPU
		{2734818D-C33A-4428-A240-A6FFBB5E4D95}.Debug|Any CPU.Build.0 = Debug|Any CPU
		{2734818D-C33A-4428-A240-A6FFBB5E4D95}.Release|Any CPU.ActiveCfg = Release|Any CPU
		{2734818D-C33A-4428-A240-A6FFBB5E4D95}.Release|Any CPU.Build.0 = Release|Any CPU
	EndGlobalSection
	GlobalSection(SolutionProperties) = preSolution
		HideSolutionNode = FALSE
	EndGlobalSection
	GlobalSection(NestedProjects) = preSolution
		{B8906960-BA54-4DDD-B332-2D0EBE9B0E15} = {4D547916-3C96-4F3F-AAE3-6331BCF944F5}
		{05A4A1AA-8EBB-47DE-8730-04E9B66488EB} = {4D547916-3C96-4F3F-AAE3-6331BCF944F5}
		{82B797E2-9070-4B49-A6FC-FB5339EF1D70} = {4D547916-3C96-4F3F-AAE3-6331BCF944F5}
		{300C5AE6-629B-4195-B537-BE0F0D7DF304} = {4D547916-3C96-4F3F-AAE3-6331BCF944F5}
		{7173F03D-93C6-446F-8125-C6B075085DDE} = {05A4A1AA-8EBB-47DE-8730-04E9B66488EB}
		{68627BFE-49D8-49AB-A26D-130673FCCB89} = {05A4A1AA-8EBB-47DE-8730-04E9B66488EB}
		{1646A7D2-102E-4935-BA48-FEF0FD4A2FD6} = {82B797E2-9070-4B49-A6FC-FB5339EF1D70}
		{7A8CDAC9-DD5B-497D-A0A5-6044B2FC9A97} = {82B797E2-9070-4B49-A6FC-FB5339EF1D70}
		{74DD630D-3F5C-4957-BCA6-30326BB55C76} = {B8906960-BA54-4DDD-B332-2D0EBE9B0E15}
		{DFF4B2D2-369D-417D-A054-70F4796A9663} = {9E174767-87A2-4111-9FC6-37CC44B49A98}
		{36CB2775-BE39-4146-966B-203E9EFDDFE0} = {9E174767-87A2-4111-9FC6-37CC44B49A98}
		{2918CA9E-D178-4D5D-AF0D-A6D445873E35} = {9E174767-87A2-4111-9FC6-37CC44B49A98}
		{2E34BC44-3082-4B7F-B9BC-86211D5D89F4} = {82B797E2-9070-4B49-A6FC-FB5339EF1D70}
		{DC7A314A-1827-4AD7-ABCE-52E09F80C8FA} = {B8906960-BA54-4DDD-B332-2D0EBE9B0E15}
		{2734818D-C33A-4428-A240-A6FFBB5E4D95} = {05A4A1AA-8EBB-47DE-8730-04E9B66488EB}
	EndGlobalSection
	GlobalSection(ExtensibilityGlobals) = postSolution
		SolutionGuid = {91EE98FF-E7F0-4007-BC79-8F907CE57440}
	EndGlobalSection
EndGlobal
